{
  "nodes": {
    "nixpkgs": {
      "locked": {
        "lastModified": 1771147098,
        "narHash": "sha256-VlfaC6fMRQml69frXVZ9ysuVEumYY3oWBE+16pIHTno=",
        "rev": "e3cb16bccd9facebae3ba29c6a76a4cc1b73462a",
        "type": "tarball",
        "url": "https://releases.nixos.org/nixpkgs/nixpkgs-26.05pre946663.e3cb16bccd9f/nixexprs.tar.xz"
      },
      "original": {
        "type": "tarball",
        "url": "https://channels.nixos.org/nixpkgs-unstable/nixexprs.tar.xz"
      }
    },
    "root": {
      "inputs": {
        "nixpkgs": "nixpkgs"
      }
    }
  },
  "root": "root",
  "version": 7
}
